
Microsoft Visual Studio Solution File, Format Version 12.00
# Visual Studio Version 16
VisualStudioVersion = 16.0.30011.22
MinimumVisualStudioVersion = 10.0.40219.1
Project("{FAE04EC0-301F-11D3-BF4B-00C04F79EFBC}") = "PatientManagement", "PatientManagement\PatientManagement.csproj", "{283A7FE8-2685-474E-BFFD-6F21ED2F57B6}"
EndProject
Global
	GlobalSection(SolutionConfigurationPlatforms) = preSolution
		Debug|Any CPU = Debug|Any CPU
		Release|Any CPU = Release|Any CPU
	EndGlobalSection
	GlobalSection(ProjectConfigurationPlatforms) = postSolution
		{283A7FE8-2685-474E-BFFD-6F21ED2F57B6}.Debug|Any CPU.ActiveCfg = Debug|Any CPU
		{283A7FE8-2685-474E-BFFD-6F21ED2F57B6}.Debug|Any CPU.Build.0 = Debug|Any CPU
		{283A7FE8-2685-474E-BFFD-6F21ED2F57B6}.Release|Any CPU.ActiveCfg = Release|Any CPU
		{283A7FE8-2685-474E-BFFD-6F21ED2F57B6}.Release|Any CPU.Build.0 = Release|Any CPU
	EndGlobalSection
	GlobalSection(SolutionProperties) = preSolution
		HideSolutionNode = FALSE
	EndGlobalSection
	GlobalSection(ExtensibilityGlobals) = postSolution
		SolutionGuid = {2697AF67-C77A-4B18-BD12-AB179A295938}
	EndGlobalSection
EndGlobal
